
Microsoft Visual Studio Solution File, Format Version 12.00
# Visual Studio Version 17
VisualStudioVersion = 17.11.35208.52
MinimumVisualStudioVersion = 10.0.40219.1
Project("{FAE04EC0-301F-11D3-BF4B-00C04F79EFBC}") = "LibrarySystemDesktopUI", "LibrarySystemDesktopUI.csproj", "{623E65A9-A2A3-4310-9E21-62BBE6983046}"
EndProject
Project("{FAE04EC0-301F-11D3-BF4B-00C04F79EFBC}") = "LibrarySystemDataAccess", "..\LibrarySystemDataAccess\LibrarySystemDataAccess.csproj", "{88F46812-0433-43E3-8577-E70F57F4A52C}"
EndProject
Project("{FAE04EC0-301F-11D3-BF4B-00C04F79EFBC}") = "LibrarySystemBusiness", "..\LibrarySystemBusiness\LibrarySystemBusiness.csproj", "{DB426E7C-C78E-472F-A2E9-598593D3F9B0}"
EndProject
Project("{FAE04EC0-301F-11D3-BF4B-00C04F79EFBC}") = "LibrarySystemConsoleApp", "..\LibrarySystemConsoleApp\LibrarySystemConsoleApp.csproj", "{D6DB684B-3987-4735-B78A-87FE15D09A17}"
EndProject
Global
	GlobalSection(SolutionConfigurationPlatforms) = preSolution
		Debug|Any CPU = Debug|Any CPU
		Release|Any CPU = Release|Any CPU
	EndGlobalSection
	GlobalSection(ProjectConfigurationPlatforms) = postSolution
		{623E65A9-A2A3-4310-9E21-62BBE6983046}.Debug|Any CPU.ActiveCfg = Debug|Any CPU
		{623E65A9-A2A3-4310-9E21-62BBE6983046}.Debug|Any CPU.Build.0 = Debug|Any CPU
		{623E65A9-A2A3-4310-9E21-62BBE6983046}.Release|Any CPU.ActiveCfg = Release|Any CPU
		{623E65A9-A2A3-4310-9E21-62BBE6983046}.Release|Any CPU.Build.0 = Release|Any CPU
		{88F46812-0433-43E3-8577-E70F57F4A52C}.Debug|Any CPU.ActiveCfg = Debug|Any CPU
		{88F46812-0433-43E3-8577-E70F57F4A52C}.Debug|Any CPU.Build.0 = Debug|Any CPU
		{88F46812-0433-43E3-8577-E70F57F4A52C}.Release|Any CPU.ActiveCfg = Release|Any CPU
		{88F46812-0433-43E3-8577-E70F57F4A52C}.Release|Any CPU.Build.0 = Release|Any CPU
		{DB426E7C-C78E-472F-A2E9-598593D3F9B0}.Debug|Any CPU.ActiveCfg = Debug|Any CPU
		{DB426E7C-C78E-472F-A2E9-598593D3F9B0}.Debug|Any CPU.Build.0 = Debug|Any CPU
		{DB426E7C-C78E-472F-A2E9-598593D3F9B0}.Release|Any CPU.ActiveCfg = Release|Any CPU
		{DB426E7C-C78E-472F-A2E9-598593D3F9B0}.Release|Any CPU.Build.0 = Release|Any CPU
		{D6DB684B-3987-4735-B78A-87FE15D09A17}.Debug|Any CPU.ActiveCfg = Debug|Any CPU
		{D6DB684B-3987-4735-B78A-87FE15D09A17}.Debug|Any CPU.Build.0 = Debug|Any CPU
		{D6DB684B-3987-4735-B78A-87FE15D09A17}.Release|Any CPU.ActiveCfg = Release|Any CPU
		{D6DB684B-3987-4735-B78A-87FE15D09A17}.Release|Any CPU.Build.0 = Release|Any CPU
	EndGlobalSection
	GlobalSection(SolutionProperties) = preSolution
		HideSolutionNode = FALSE
	EndGlobalSection
	GlobalSection(ExtensibilityGlobals) = postSolution
		SolutionGuid = {F15F5C79-1BFB-451B-B338-7200AE3F8334}
	EndGlobalSection
EndGlobal
